
Microsoft Visual Studio Solution File, Format Version 12.00
# Visual Studio 14
VisualStudioVersion = 14.0.25123.0
MinimumVisualStudioVersion = 10.0.40219.1
Project("{FE2AAA0E-A883-4543-A29C-DAD83598C1EC}") = "Sitecore.Support.199088", "Sitecore.Support.199088\Sitecore.Support.199088.csproj", "{7AA64A5A-6C03-4A6E-B248-4534B7968575}"
EndProject
Global
	GlobalSection(SolutionConfigurationPlatforms) = preSolution
		Debug|Any CPU = Debug|Any CPU
		Release|Any CPU = Release|Any CPU
	EndGlobalSection
	GlobalSection(ProjectConfigurationPlatforms) = postSolution
		{7AA64A5A-6C03-4A6E-B248-4534B7968575}.Debug|Any CPU.ActiveCfg = Debug|Any CPU
		{7AA64A5A-6C03-4A6E-B248-4534B7968575}.Debug|Any CPU.Build.0 = Debug|Any CPU
		{7AA64A5A-6C03-4A6E-B248-4534B7968575}.Release|Any CPU.ActiveCfg = Release|Any CPU
		{7AA64A5A-6C03-4A6E-B248-4534B7968575}.Release|Any CPU.Build.0 = Release|Any CPU
	EndGlobalSection
	GlobalSection(SolutionProperties) = preSolution
		HideSolutionNode = FALSE
	EndGlobalSection
EndGlobal
